
Microsoft Visual Studio Solution File, Format Version 12.00
# Visual Studio Version 16
VisualStudioVersion = 25.0.1706.4
MinimumVisualStudioVersion = 10.0.40219.1
Project("{FAE04EC0-301F-11D3-BF4B-00C04F79EFBC}") = "Laba2(2)", "Laba2(2).csproj", "{CD8B2D91-3273-4799-B877-B6E172EE20FE}"
EndProject
Project("{2150E333-8FDC-42A3-9474-1A3956D46DE8}") = "Solution Items", "Solution Items", "{5F2489C9-16AA-4039-8B3F-F53134379985}"
	ProjectSection(SolutionItems) = preProject
		DynamicArray.cs = DynamicArray.cs
		file.json = file.json
	EndProjectSection
EndProject
Global
	GlobalSection(SolutionConfigurationPlatforms) = preSolution
		Debug|Any CPU = Debug|Any CPU
		Release|Any CPU = Release|Any CPU
	EndGlobalSection
	GlobalSection(ProjectConfigurationPlatforms) = postSolution
		{CD8B2D91-3273-4799-B877-B6E172EE20FE}.Debug|Any CPU.ActiveCfg = Debug|Any CPU
		{CD8B2D91-3273-4799-B877-B6E172EE20FE}.Debug|Any CPU.Build.0 = Debug|Any CPU
		{CD8B2D91-3273-4799-B877-B6E172EE20FE}.Release|Any CPU.ActiveCfg = Release|Any CPU
		{CD8B2D91-3273-4799-B877-B6E172EE20FE}.Release|Any CPU.Build.0 = Release|Any CPU
	EndGlobalSection
	GlobalSection(SolutionProperties) = preSolution
		HideSolutionNode = FALSE
	EndGlobalSection
	GlobalSection(ExtensibilityGlobals) = postSolution
		SolutionGuid = {2544D808-037B-4ADD-9AA8-92FB3C286429}
	EndGlobalSection
EndGlobal
